
Microsoft Visual Studio Solution File, Format Version 12.00
# Visual Studio Version 17
VisualStudioVersion = 17.5.002.0
MinimumVisualStudioVersion = 10.0.40219.1
Project("{9A19103F-16F7-4668-BE54-9A1E7A4F7556}") = "Homework1_18", "Homework1_18.csproj", "{57308B27-06FE-40A4-827A-A1C47F92F4C9}"
EndProject
Global
	GlobalSection(SolutionConfigurationPlatforms) = preSolution
		Debug|Any CPU = Debug|Any CPU
		Release|Any CPU = Release|Any CPU
	EndGlobalSection
	GlobalSection(ProjectConfigurationPlatforms) = postSolution
		{57308B27-06FE-40A4-827A-A1C47F92F4C9}.Debug|Any CPU.ActiveCfg = Debug|Any CPU
		{57308B27-06FE-40A4-827A-A1C47F92F4C9}.Debug|Any CPU.Build.0 = Debug|Any CPU
		{57308B27-06FE-40A4-827A-A1C47F92F4C9}.Release|Any CPU.ActiveCfg = Release|Any CPU
		{57308B27-06FE-40A4-827A-A1C47F92F4C9}.Release|Any CPU.Build.0 = Release|Any CPU
	EndGlobalSection
	GlobalSection(SolutionProperties) = preSolution
		HideSolutionNode = FALSE
	EndGlobalSection
	GlobalSection(ExtensibilityGlobals) = postSolution
		SolutionGuid = {E75EE77F-BC69-453B-A223-1DC8D627935B}
	EndGlobalSection
EndGlobal
