
Microsoft Visual Studio Solution File, Format Version 12.00
# Visual Studio Version 17
VisualStudioVersion = 17.5.002.0
MinimumVisualStudioVersion = 10.0.40219.1
Project("{9A19103F-16F7-4668-BE54-9A1E7A4F7556}") = "Homework2_1", "Homework2_1.csproj", "{55CF9E56-C69D-4326-95C0-CA8111CC4385}"
EndProject
Global
	GlobalSection(SolutionConfigurationPlatforms) = preSolution
		Debug|Any CPU = Debug|Any CPU
		Release|Any CPU = Release|Any CPU
	EndGlobalSection
	GlobalSection(ProjectConfigurationPlatforms) = postSolution
		{55CF9E56-C69D-4326-95C0-CA8111CC4385}.Debug|Any CPU.ActiveCfg = Debug|Any CPU
		{55CF9E56-C69D-4326-95C0-CA8111CC4385}.Debug|Any CPU.Build.0 = Debug|Any CPU
		{55CF9E56-C69D-4326-95C0-CA8111CC4385}.Release|Any CPU.ActiveCfg = Release|Any CPU
		{55CF9E56-C69D-4326-95C0-CA8111CC4385}.Release|Any CPU.Build.0 = Release|Any CPU
	EndGlobalSection
	GlobalSection(SolutionProperties) = preSolution
		HideSolutionNode = FALSE
	EndGlobalSection
	GlobalSection(ExtensibilityGlobals) = postSolution
		SolutionGuid = {D2B4067B-2118-48BF-A94A-C83C1D241F05}
	EndGlobalSection
EndGlobal
