
Microsoft Visual Studio Solution File, Format Version 12.00
# Visual Studio Version 17
VisualStudioVersion = 17.5.002.0
MinimumVisualStudioVersion = 10.0.40219.1
Project("{9A19103F-16F7-4668-BE54-9A1E7A4F7556}") = "Homework2_6", "Homework2_6.csproj", "{34C0CCD6-6A1A-494F-8AFA-D4E5163BA6CE}"
EndProject
Global
	GlobalSection(SolutionConfigurationPlatforms) = preSolution
		Debug|Any CPU = Debug|Any CPU
		Release|Any CPU = Release|Any CPU
	EndGlobalSection
	GlobalSection(ProjectConfigurationPlatforms) = postSolution
		{34C0CCD6-6A1A-494F-8AFA-D4E5163BA6CE}.Debug|Any CPU.ActiveCfg = Debug|Any CPU
		{34C0CCD6-6A1A-494F-8AFA-D4E5163BA6CE}.Debug|Any CPU.Build.0 = Debug|Any CPU
		{34C0CCD6-6A1A-494F-8AFA-D4E5163BA6CE}.Release|Any CPU.ActiveCfg = Release|Any CPU
		{34C0CCD6-6A1A-494F-8AFA-D4E5163BA6CE}.Release|Any CPU.Build.0 = Release|Any CPU
	EndGlobalSection
	GlobalSection(SolutionProperties) = preSolution
		HideSolutionNode = FALSE
	EndGlobalSection
	GlobalSection(ExtensibilityGlobals) = postSolution
		SolutionGuid = {0735523A-F497-43DE-947F-F0BBB8D95701}
	EndGlobalSection
EndGlobal
