
Microsoft Visual Studio Solution File, Format Version 12.00
# Visual Studio Version 17
VisualStudioVersion = 17.5.002.0
MinimumVisualStudioVersion = 10.0.40219.1
Project("{9A19103F-16F7-4668-BE54-9A1E7A4F7556}") = "Homework2_8", "Homework2_8.csproj", "{7B8C6139-514A-404B-A74C-C4B3F82DD84D}"
EndProject
Global
	GlobalSection(SolutionConfigurationPlatforms) = preSolution
		Debug|Any CPU = Debug|Any CPU
		Release|Any CPU = Release|Any CPU
	EndGlobalSection
	GlobalSection(ProjectConfigurationPlatforms) = postSolution
		{7B8C6139-514A-404B-A74C-C4B3F82DD84D}.Debug|Any CPU.ActiveCfg = Debug|Any CPU
		{7B8C6139-514A-404B-A74C-C4B3F82DD84D}.Debug|Any CPU.Build.0 = Debug|Any CPU
		{7B8C6139-514A-404B-A74C-C4B3F82DD84D}.Release|Any CPU.ActiveCfg = Release|Any CPU
		{7B8C6139-514A-404B-A74C-C4B3F82DD84D}.Release|Any CPU.Build.0 = Release|Any CPU
	EndGlobalSection
	GlobalSection(SolutionProperties) = preSolution
		HideSolutionNode = FALSE
	EndGlobalSection
	GlobalSection(ExtensibilityGlobals) = postSolution
		SolutionGuid = {54194F44-11AF-4B14-AD02-6421B7FBF925}
	EndGlobalSection
EndGlobal
